
Microsoft Visual Studio Solution File, Format Version 12.00
# Visual Studio 15
VisualStudioVersion = 15.0.26730.12
MinimumVisualStudioVersion = 10.0.40219.1
Project("{FAE04EC0-301F-11D3-BF4B-00C04F79EFBC}") = "Excrcise 5 test", "Excrcise 5 test\Excrcise 5 test.csproj", "{5C2A482E-D18B-40BB-B19F-EA9D905C0545}"
EndProject
Global
	GlobalSection(SolutionConfigurationPlatforms) = preSolution
		Debug|Any CPU = Debug|Any CPU
		Release|Any CPU = Release|Any CPU
	EndGlobalSection
	GlobalSection(ProjectConfigurationPlatforms) = postSolution
		{5C2A482E-D18B-40BB-B19F-EA9D905C0545}.Debug|Any CPU.ActiveCfg = Debug|Any CPU
		{5C2A482E-D18B-40BB-B19F-EA9D905C0545}.Debug|Any CPU.Build.0 = Debug|Any CPU
		{5C2A482E-D18B-40BB-B19F-EA9D905C0545}.Release|Any CPU.ActiveCfg = Release|Any CPU
		{5C2A482E-D18B-40BB-B19F-EA9D905C0545}.Release|Any CPU.Build.0 = Release|Any CPU
	EndGlobalSection
	GlobalSection(SolutionProperties) = preSolution
		HideSolutionNode = FALSE
	EndGlobalSection
	GlobalSection(ExtensibilityGlobals) = postSolution
		SolutionGuid = {0B92A6B7-7605-45C9-97B5-C7A7F3C6D987}
	EndGlobalSection
EndGlobal
