
Microsoft Visual Studio Solution File, Format Version 12.00
# Visual Studio 15
VisualStudioVersion = 15.0.26730.12
MinimumVisualStudioVersion = 10.0.40219.1
Project("{FAE04EC0-301F-11D3-BF4B-00C04F79EFBC}") = "Numbers Ending in 7", "Numbers Ending in 7\Numbers Ending in 7.csproj", "{AB647B78-4E11-42F4-9DAD-43DCAAD938E3}"
EndProject
Global
	GlobalSection(SolutionConfigurationPlatforms) = preSolution
		Debug|Any CPU = Debug|Any CPU
		Release|Any CPU = Release|Any CPU
	EndGlobalSection
	GlobalSection(ProjectConfigurationPlatforms) = postSolution
		{AB647B78-4E11-42F4-9DAD-43DCAAD938E3}.Debug|Any CPU.ActiveCfg = Debug|Any CPU
		{AB647B78-4E11-42F4-9DAD-43DCAAD938E3}.Debug|Any CPU.Build.0 = Debug|Any CPU
		{AB647B78-4E11-42F4-9DAD-43DCAAD938E3}.Release|Any CPU.ActiveCfg = Release|Any CPU
		{AB647B78-4E11-42F4-9DAD-43DCAAD938E3}.Release|Any CPU.Build.0 = Release|Any CPU
	EndGlobalSection
	GlobalSection(SolutionProperties) = preSolution
		HideSolutionNode = FALSE
	EndGlobalSection
	GlobalSection(ExtensibilityGlobals) = postSolution
		SolutionGuid = {3A8F2AB6-31D9-4AAF-9657-43F49DA772F9}
	EndGlobalSection
EndGlobal
