
Microsoft Visual Studio Solution File, Format Version 12.00
# Visual Studio 15
VisualStudioVersion = 15.0.26730.12
MinimumVisualStudioVersion = 10.0.40219.1
Project("{FAE04EC0-301F-11D3-BF4B-00C04F79EFBC}") = "Excercise 6 test", "Excercise 6 test\Excercise 6 test.csproj", "{49EF0812-802A-4008-B760-C4F9651EA277}"
EndProject
Global
	GlobalSection(SolutionConfigurationPlatforms) = preSolution
		Debug|Any CPU = Debug|Any CPU
		Release|Any CPU = Release|Any CPU
	EndGlobalSection
	GlobalSection(ProjectConfigurationPlatforms) = postSolution
		{49EF0812-802A-4008-B760-C4F9651EA277}.Debug|Any CPU.ActiveCfg = Debug|Any CPU
		{49EF0812-802A-4008-B760-C4F9651EA277}.Debug|Any CPU.Build.0 = Debug|Any CPU
		{49EF0812-802A-4008-B760-C4F9651EA277}.Release|Any CPU.ActiveCfg = Release|Any CPU
		{49EF0812-802A-4008-B760-C4F9651EA277}.Release|Any CPU.Build.0 = Release|Any CPU
	EndGlobalSection
	GlobalSection(SolutionProperties) = preSolution
		HideSolutionNode = FALSE
	EndGlobalSection
	GlobalSection(ExtensibilityGlobals) = postSolution
		SolutionGuid = {3048644D-2BCE-4CFA-AFCC-CDC858D510B9}
	EndGlobalSection
EndGlobal
