
Microsoft Visual Studio Solution File, Format Version 12.00
# Visual Studio 15
VisualStudioVersion = 15.0.26730.12
MinimumVisualStudioVersion = 10.0.40219.1
Project("{FAE04EC0-301F-11D3-BF4B-00C04F79EFBC}") = "Excercises from the book 7", "Excercises from the book 7\Excercises from the book 7.csproj", "{79382F67-26CD-471C-AC5D-3AE30494DD63}"
EndProject
Global
	GlobalSection(SolutionConfigurationPlatforms) = preSolution
		Debug|Any CPU = Debug|Any CPU
		Release|Any CPU = Release|Any CPU
	EndGlobalSection
	GlobalSection(ProjectConfigurationPlatforms) = postSolution
		{79382F67-26CD-471C-AC5D-3AE30494DD63}.Debug|Any CPU.ActiveCfg = Debug|Any CPU
		{79382F67-26CD-471C-AC5D-3AE30494DD63}.Debug|Any CPU.Build.0 = Debug|Any CPU
		{79382F67-26CD-471C-AC5D-3AE30494DD63}.Release|Any CPU.ActiveCfg = Release|Any CPU
		{79382F67-26CD-471C-AC5D-3AE30494DD63}.Release|Any CPU.Build.0 = Release|Any CPU
	EndGlobalSection
	GlobalSection(SolutionProperties) = preSolution
		HideSolutionNode = FALSE
	EndGlobalSection
	GlobalSection(ExtensibilityGlobals) = postSolution
		SolutionGuid = {2E43D754-C9C2-4857-BB84-9B5E65DB6DC7}
	EndGlobalSection
EndGlobal
