
Microsoft Visual Studio Solution File, Format Version 12.00
# Visual Studio 15
VisualStudioVersion = 15.0.26730.12
MinimumVisualStudioVersion = 10.0.40219.1
Project("{FAE04EC0-301F-11D3-BF4B-00C04F79EFBC}") = "MethodsLect", "MethodsLect\MethodsLect.csproj", "{2602A005-36E8-462F-A306-D682314424FA}"
EndProject
Global
	GlobalSection(SolutionConfigurationPlatforms) = preSolution
		Debug|Any CPU = Debug|Any CPU
		Release|Any CPU = Release|Any CPU
	EndGlobalSection
	GlobalSection(ProjectConfigurationPlatforms) = postSolution
		{2602A005-36E8-462F-A306-D682314424FA}.Debug|Any CPU.ActiveCfg = Debug|Any CPU
		{2602A005-36E8-462F-A306-D682314424FA}.Debug|Any CPU.Build.0 = Debug|Any CPU
		{2602A005-36E8-462F-A306-D682314424FA}.Release|Any CPU.ActiveCfg = Release|Any CPU
		{2602A005-36E8-462F-A306-D682314424FA}.Release|Any CPU.Build.0 = Release|Any CPU
	EndGlobalSection
	GlobalSection(SolutionProperties) = preSolution
		HideSolutionNode = FALSE
	EndGlobalSection
	GlobalSection(ExtensibilityGlobals) = postSolution
		SolutionGuid = {7609E140-C940-484C-9F15-0DB54BC7E908}
	EndGlobalSection
EndGlobal
