
Microsoft Visual Studio Solution File, Format Version 12.00
# Visual Studio 15
VisualStudioVersion = 15.0.26730.12
MinimumVisualStudioVersion = 10.0.40219.1
Project("{FAE04EC0-301F-11D3-BF4B-00C04F79EFBC}") = "Time + 15 Minutes", "Time + 15 Minutes\Time + 15 Minutes.csproj", "{382EE006-1957-4E1E-810E-79747F97046A}"
EndProject
Global
	GlobalSection(SolutionConfigurationPlatforms) = preSolution
		Debug|Any CPU = Debug|Any CPU
		Release|Any CPU = Release|Any CPU
	EndGlobalSection
	GlobalSection(ProjectConfigurationPlatforms) = postSolution
		{382EE006-1957-4E1E-810E-79747F97046A}.Debug|Any CPU.ActiveCfg = Debug|Any CPU
		{382EE006-1957-4E1E-810E-79747F97046A}.Debug|Any CPU.Build.0 = Debug|Any CPU
		{382EE006-1957-4E1E-810E-79747F97046A}.Release|Any CPU.ActiveCfg = Release|Any CPU
		{382EE006-1957-4E1E-810E-79747F97046A}.Release|Any CPU.Build.0 = Release|Any CPU
	EndGlobalSection
	GlobalSection(SolutionProperties) = preSolution
		HideSolutionNode = FALSE
	EndGlobalSection
	GlobalSection(ExtensibilityGlobals) = postSolution
		SolutionGuid = {1E5A60A4-8F4C-4B1B-BE46-60F86E95AE83}
	EndGlobalSection
EndGlobal
