
Microsoft Visual Studio Solution File, Format Version 12.00
# Visual Studio 15
VisualStudioVersion = 15.0.26730.12
MinimumVisualStudioVersion = 10.0.40219.1
Project("{FAE04EC0-301F-11D3-BF4B-00C04F79EFBC}") = "05. Invalid Number", "05. Invalid Number\05. Invalid Number.csproj", "{D2734FDC-38B6-4B39-AC86-07D0FC79D208}"
EndProject
Global
	GlobalSection(SolutionConfigurationPlatforms) = preSolution
		Debug|Any CPU = Debug|Any CPU
		Release|Any CPU = Release|Any CPU
	EndGlobalSection
	GlobalSection(ProjectConfigurationPlatforms) = postSolution
		{D2734FDC-38B6-4B39-AC86-07D0FC79D208}.Debug|Any CPU.ActiveCfg = Debug|Any CPU
		{D2734FDC-38B6-4B39-AC86-07D0FC79D208}.Debug|Any CPU.Build.0 = Debug|Any CPU
		{D2734FDC-38B6-4B39-AC86-07D0FC79D208}.Release|Any CPU.ActiveCfg = Release|Any CPU
		{D2734FDC-38B6-4B39-AC86-07D0FC79D208}.Release|Any CPU.Build.0 = Release|Any CPU
	EndGlobalSection
	GlobalSection(SolutionProperties) = preSolution
		HideSolutionNode = FALSE
	EndGlobalSection
	GlobalSection(ExtensibilityGlobals) = postSolution
		SolutionGuid = {5D09B962-D49F-4182-8B39-99D3D8902750}
	EndGlobalSection
EndGlobal
