
Microsoft Visual Studio Solution File, Format Version 12.00
# Visual Studio 15
VisualStudioVersion = 15.0.26730.12
MinimumVisualStudioVersion = 10.0.40219.1
Project("{FAE04EC0-301F-11D3-BF4B-00C04F79EFBC}") = "TestStoreProject", "TestStoreProject\TestStoreProject.csproj", "{29E5347A-BC0F-4E79-9BE8-BD03FE808410}"
EndProject
Global
	GlobalSection(SolutionConfigurationPlatforms) = preSolution
		Debug|Any CPU = Debug|Any CPU
		Release|Any CPU = Release|Any CPU
	EndGlobalSection
	GlobalSection(ProjectConfigurationPlatforms) = postSolution
		{29E5347A-BC0F-4E79-9BE8-BD03FE808410}.Debug|Any CPU.ActiveCfg = Debug|Any CPU
		{29E5347A-BC0F-4E79-9BE8-BD03FE808410}.Debug|Any CPU.Build.0 = Debug|Any CPU
		{29E5347A-BC0F-4E79-9BE8-BD03FE808410}.Release|Any CPU.ActiveCfg = Release|Any CPU
		{29E5347A-BC0F-4E79-9BE8-BD03FE808410}.Release|Any CPU.Build.0 = Release|Any CPU
	EndGlobalSection
	GlobalSection(SolutionProperties) = preSolution
		HideSolutionNode = FALSE
	EndGlobalSection
	GlobalSection(ExtensibilityGlobals) = postSolution
		SolutionGuid = {BA7A9656-39A1-4FF3-AF94-E57E7FD1F0EB}
	EndGlobalSection
EndGlobal
