
Microsoft Visual Studio Solution File, Format Version 12.00
# Visual Studio 15
VisualStudioVersion = 15.0.26730.12
MinimumVisualStudioVersion = 10.0.40219.1
Project("{FAE04EC0-301F-11D3-BF4B-00C04F79EFBC}") = "Sum Seconds", "Sum Seconds\Sum Seconds.csproj", "{3A2EB709-8F73-42EB-AF78-49D1774347D5}"
EndProject
Global
	GlobalSection(SolutionConfigurationPlatforms) = preSolution
		Debug|Any CPU = Debug|Any CPU
		Release|Any CPU = Release|Any CPU
	EndGlobalSection
	GlobalSection(ProjectConfigurationPlatforms) = postSolution
		{3A2EB709-8F73-42EB-AF78-49D1774347D5}.Debug|Any CPU.ActiveCfg = Debug|Any CPU
		{3A2EB709-8F73-42EB-AF78-49D1774347D5}.Debug|Any CPU.Build.0 = Debug|Any CPU
		{3A2EB709-8F73-42EB-AF78-49D1774347D5}.Release|Any CPU.ActiveCfg = Release|Any CPU
		{3A2EB709-8F73-42EB-AF78-49D1774347D5}.Release|Any CPU.Build.0 = Release|Any CPU
	EndGlobalSection
	GlobalSection(SolutionProperties) = preSolution
		HideSolutionNode = FALSE
	EndGlobalSection
	GlobalSection(ExtensibilityGlobals) = postSolution
		SolutionGuid = {61542546-14C7-4489-A08B-F99040819154}
	EndGlobalSection
EndGlobal
