
Microsoft Visual Studio Solution File, Format Version 12.00
# Visual Studio 15
VisualStudioVersion = 15.0.26730.12
MinimumVisualStudioVersion = 10.0.40219.1
Project("{FAE04EC0-301F-11D3-BF4B-00C04F79EFBC}") = "Greeting by name", "Greeting by name\Greeting by name.csproj", "{768A134E-0CD8-4F6B-BB1B-77C8A8103E40}"
EndProject
Global
	GlobalSection(SolutionConfigurationPlatforms) = preSolution
		Debug|Any CPU = Debug|Any CPU
		Release|Any CPU = Release|Any CPU
	EndGlobalSection
	GlobalSection(ProjectConfigurationPlatforms) = postSolution
		{768A134E-0CD8-4F6B-BB1B-77C8A8103E40}.Debug|Any CPU.ActiveCfg = Debug|Any CPU
		{768A134E-0CD8-4F6B-BB1B-77C8A8103E40}.Debug|Any CPU.Build.0 = Debug|Any CPU
		{768A134E-0CD8-4F6B-BB1B-77C8A8103E40}.Release|Any CPU.ActiveCfg = Release|Any CPU
		{768A134E-0CD8-4F6B-BB1B-77C8A8103E40}.Release|Any CPU.Build.0 = Release|Any CPU
	EndGlobalSection
	GlobalSection(SolutionProperties) = preSolution
		HideSolutionNode = FALSE
	EndGlobalSection
	GlobalSection(ExtensibilityGlobals) = postSolution
		SolutionGuid = {D1CDF6C5-32F2-47A3-92CB-072A7F505DEE}
	EndGlobalSection
EndGlobal
