
Microsoft Visual Studio Solution File, Format Version 12.00
# Visual Studio 15
VisualStudioVersion = 15.0.26730.12
MinimumVisualStudioVersion = 10.0.40219.1
Project("{FAE04EC0-301F-11D3-BF4B-00C04F79EFBC}") = "ConsoleApp4", "ConsoleApp4\ConsoleApp4.csproj", "{F3D81127-B0F1-4BD4-9532-467182E01B64}"
EndProject
Global
	GlobalSection(SolutionConfigurationPlatforms) = preSolution
		Debug|Any CPU = Debug|Any CPU
		Release|Any CPU = Release|Any CPU
	EndGlobalSection
	GlobalSection(ProjectConfigurationPlatforms) = postSolution
		{F3D81127-B0F1-4BD4-9532-467182E01B64}.Debug|Any CPU.ActiveCfg = Debug|Any CPU
		{F3D81127-B0F1-4BD4-9532-467182E01B64}.Debug|Any CPU.Build.0 = Debug|Any CPU
		{F3D81127-B0F1-4BD4-9532-467182E01B64}.Release|Any CPU.ActiveCfg = Release|Any CPU
		{F3D81127-B0F1-4BD4-9532-467182E01B64}.Release|Any CPU.Build.0 = Release|Any CPU
	EndGlobalSection
	GlobalSection(SolutionProperties) = preSolution
		HideSolutionNode = FALSE
	EndGlobalSection
	GlobalSection(ExtensibilityGlobals) = postSolution
		SolutionGuid = {871486BD-143F-4AB9-AEE6-F4978EE4A0D2}
	EndGlobalSection
EndGlobal
